<Solution>
  <Project Path="Application/Application.csproj" Id="e0c0408b-1b57-4f8e-8261-451c944b8dfd" />
  <Project Path="src/Domain/Domain.csproj" />
  <Project Path="src/Infrastructure/Infrastructure.csproj" Id="6b76c38e-538d-4d27-be9a-39b5ef6502e5" />
  <Project Path="src/Presentation/Presentation.csproj" />
  <Project Path="src/Repository/Repository.csproj" />
  <Project Path="src/Shared/Shared.csproj" />
  <Project Path="src/WebAPI/WebAPI.csproj" />
</Solution>
